
Microsoft Visual Studio Solution File, Format Version 12.00
# Visual Studio 15
VisualStudioVersion = 15.0.28307.2092
MinimumVisualStudioVersion = 10.0.40219.1
Project("{FAE04EC0-301F-11D3-BF4B-00C04F79EFBC}") = "Web API", "Web API\Web API.csproj", "{6122306E-CAE1-4F16-9E5D-8F465ECC2433}"
EndProject
Global
	GlobalSection(SolutionConfigurationPlatforms) = preSolution
		Debug|Any CPU = Debug|Any CPU
		Release|Any CPU = Release|Any CPU
	EndGlobalSection
	GlobalSection(ProjectConfigurationPlatforms) = postSolution
		{6122306E-CAE1-4F16-9E5D-8F465ECC2433}.Debug|Any CPU.ActiveCfg = Debug|Any CPU
		{6122306E-CAE1-4F16-9E5D-8F465ECC2433}.Debug|Any CPU.Build.0 = Debug|Any CPU
		{6122306E-CAE1-4F16-9E5D-8F465ECC2433}.Release|Any CPU.ActiveCfg = Release|Any CPU
		{6122306E-CAE1-4F16-9E5D-8F465ECC2433}.Release|Any CPU.Build.0 = Release|Any CPU
	EndGlobalSection
	GlobalSection(SolutionProperties) = preSolution
		HideSolutionNode = FALSE
	EndGlobalSection
	GlobalSection(ExtensibilityGlobals) = postSolution
		SolutionGuid = {6F23CC17-632D-493E-857F-3C38BE6703BE}
	EndGlobalSection
EndGlobal
